{
  "nodes": {
    "flake-compat": {
      "flake": false,
      "locked": {
        "lastModified": 1733328505,
        "narHash": "sha256-NeCCThCEP3eCl2l/+27kNNK7QrwZB1IJCrXfrbv5oqU=",
        "owner": "edolstra",
        "repo": "flake-compat",
        "rev": "ff81ac966bb2cae68946d5ed5fc4994f96d0ffec",
        "type": "github"
      },
      "original": {
        "owner": "edolstra",
        "repo": "flake-compat",
        "type": "github"
      }
    },
    "flake-utils": {
      "inputs": {
        "systems": "systems"
      },
      "locked": {
        "lastModified": 1731533236,
        "narHash": "sha256-l0KFg5HjrsfsO/JpG+r7fRrqm12kzFHyUHqHCVpMMbI=",
        "owner": "numtide",
        "repo": "flake-utils",
        "rev": "11707dc2f618dd54ca8739b309ec4fc024de578b",
        "type": "github"
      },
      "original": {
        "owner": "numtide",
        "repo": "flake-utils",
        "type": "github"
      }
    },
    "home-manager": {
      "inputs": {
        "nixpkgs": [
          "nixpkgs"
        ]
      },
      "locked": {
        "lastModified": 1739757849,
        "narHash": "sha256-Gs076ot1YuAAsYVcyidLKUMIc4ooOaRGO0PqTY7sBzA=",
        "owner": "nix-community",
        "repo": "home-manager",
        "rev": "9d3d080aec2a35e05a15cedd281c2384767c2cfe",
        "type": "github"
      },
      "original": {
        "owner": "nix-community",
        "ref": "release-24.11",
        "repo": "home-manager",
        "type": "github"
      }
    },
    "home-manager_2": {
      "inputs": {
        "nixpkgs": [
          "unison-lang",
          "nixpkgs"
        ]
      },
      "locked": {
        "lastModified": 1733050161,
        "narHash": "sha256-lYnT+EYE47f5yY3KS/Kd4pJ6CO9fhCqumkYYkQ3TK20=",
        "owner": "nix-community",
        "repo": "home-manager",
        "rev": "62d536255879be574ebfe9b87c4ac194febf47c5",
        "type": "github"
      },
      "original": {
        "owner": "nix-community",
        "ref": "release-24.11",
        "repo": "home-manager",
        "type": "github"
      }
    },
    "nixos-wsl": {
      "inputs": {
        "flake-compat": "flake-compat",
        "nixpkgs": "nixpkgs"
      },
      "locked": {
        "lastModified": 1740567864,
        "narHash": "sha256-eTS2wrC1jKR6PKXC9jZqQy5PwqbIOBLSLF3dwLiFJ8M=",
        "owner": "nix-community",
        "repo": "nixos-wsl",
        "rev": "1f40b43d01626ce994eb47150afa0d7215f396ca",
        "type": "github"
      },
      "original": {
        "owner": "nix-community",
        "repo": "nixos-wsl",
        "type": "github"
      }
    },
    "nixpkgs": {
      "locked": {
        "lastModified": 1740463929,
        "narHash": "sha256-4Xhu/3aUdCKeLfdteEHMegx5ooKQvwPHNkOgNCXQrvc=",
        "owner": "NixOS",
        "repo": "nixpkgs",
        "rev": "5d7db4668d7a0c6cc5fc8cf6ef33b008b2b1ed8b",
        "type": "github"
      },
      "original": {
        "owner": "NixOS",
        "ref": "nixos-24.11",
        "repo": "nixpkgs",
        "type": "github"
      }
    },
    "nixpkgs-unstable": {
      "locked": {
        "lastModified": 1740828860,
        "narHash": "sha256-cjbHI+zUzK5CPsQZqMhE3npTyYFt9tJ3+ohcfaOF/WM=",
        "owner": "nixos",
        "repo": "nixpkgs",
        "rev": "303bd8071377433a2d8f76e684ec773d70c5b642",
        "type": "github"
      },
      "original": {
        "owner": "nixos",
        "ref": "nixos-unstable",
        "repo": "nixpkgs",
        "type": "github"
      }
    },
    "nixpkgs_2": {
      "locked": {
        "lastModified": 1740865531,
        "narHash": "sha256-h00vGIh/jxcGl8aWdfnVRD74KuLpyY3mZgMFMy7iKIc=",
        "owner": "nixos",
        "repo": "nixpkgs",
        "rev": "5ef6c425980847c78a80d759abc476e941a9bf42",
        "type": "github"
      },
      "original": {
        "owner": "nixos",
        "ref": "nixos-24.11",
        "repo": "nixpkgs",
        "type": "github"
      }
    },
    "root": {
      "inputs": {
        "home-manager": "home-manager",
        "nixos-wsl": "nixos-wsl",
        "nixpkgs": "nixpkgs_2",
        "nixpkgs-unstable": "nixpkgs-unstable",
        "unison-lang": "unison-lang"
      }
    },
    "systems": {
      "locked": {
        "lastModified": 1681028828,
        "narHash": "sha256-Vy1rq5AaRuLzOxct8nz4T6wlgyUR7zLU309k9mBC768=",
        "owner": "nix-systems",
        "repo": "default",
        "rev": "da67096a3b9bf56a91d16901293e51ba5b49a27e",
        "type": "github"
      },
      "original": {
        "owner": "nix-systems",
        "repo": "default",
        "type": "github"
      }
    },
    "unison": {
      "flake": false,
      "locked": {
        "lastModified": 1732646864,
        "narHash": "sha256-BP9Sg08ju9fMuZL0rsnqHRNDYkMHP2NK7+mjvWp1/08=",
        "owner": "unisonweb",
        "repo": "unison",
        "rev": "d17b1f64fe6c9fe85a9a2b409ae43a54692ca0f4",
        "type": "github"
      },
      "original": {
        "owner": "unisonweb",
        "repo": "unison",
        "type": "github"
      }
    },
    "unison-lang": {
      "inputs": {
        "flake-utils": "flake-utils",
        "home-manager": "home-manager_2",
        "nixpkgs": [
          "nixpkgs"
        ],
        "unison": "unison"
      },
      "locked": {
        "lastModified": 1739991110,
        "narHash": "sha256-MH9o5Zoeh/psudYEODHcaCZZSIjvF8TbmsUMdhgAdfE=",
        "owner": "ceedubs",
        "repo": "unison-nix",
        "rev": "88ab12a9aadb5da1b39f209894c2486b90c56c2f",
        "type": "github"
      },
      "original": {
        "owner": "ceedubs",
        "repo": "unison-nix",
        "type": "github"
      }
    }
  },
  "root": "root",
  "version": 7
}
